
Microsoft Visual Studio Solution File, Format Version 12.00
# Visual Studio Version 17
VisualStudioVersion = 17.4.33213.308
MinimumVisualStudioVersion = 10.0.40219.1
Project("{FAE04EC0-301F-11D3-BF4B-00C04F79EFBC}") = "VegasScriptAddMediaBinInSelectedTrack", "VegasScriptAddMediaBinInSelectedTrack\VegasScriptAddMediaBinInSelectedTrack.csproj", "{145E709B-094E-4D7B-9CCE-C5EE1E7B082F}"
EndProject
Global
	GlobalSection(SolutionConfigurationPlatforms) = preSolution
		Debug|Any CPU = Debug|Any CPU
		Release|Any CPU = Release|Any CPU
	EndGlobalSection
	GlobalSection(ProjectConfigurationPlatforms) = postSolution
		{145E709B-094E-4D7B-9CCE-C5EE1E7B082F}.Debug|Any CPU.ActiveCfg = Debug|Any CPU
		{145E709B-094E-4D7B-9CCE-C5EE1E7B082F}.Debug|Any CPU.Build.0 = Debug|Any CPU
		{145E709B-094E-4D7B-9CCE-C5EE1E7B082F}.Release|Any CPU.ActiveCfg = Release|Any CPU
		{145E709B-094E-4D7B-9CCE-C5EE1E7B082F}.Release|Any CPU.Build.0 = Release|Any CPU
	EndGlobalSection
	GlobalSection(SolutionProperties) = preSolution
		HideSolutionNode = FALSE
	EndGlobalSection
	GlobalSection(ExtensibilityGlobals) = postSolution
		SolutionGuid = {B4891BC3-27E7-40A1-9928-CD90068B2A33}
	EndGlobalSection
EndGlobal
